// !$*UTF8*$!
{
	archiveVersion = 1;
	classes = {
	};
	objectVersion = 48;
	objects = {

/* Begin PBXBuildFile section */
		DE60E7721FCE79D300BB5F10 /* AppDelegate.m in Sources */ = {isa = PBXBuildFile; fileRef = DE60E7711FCE79D300BB5F10 /* AppDelegate.m */; };
		DE60E77B1FCE79D300BB5F10 /* Tools.xcdatamodeld in Sources */ = {isa = PBXBuildFile; fileRef = DE60E7791FCE79D300BB5F10 /* Tools.xcdatamodeld */; };
		DE60E77D1FCE79D300BB5F10 /* Assets.xcassets in Resources */ = {isa = PBXBuildFile; fileRef = DE60E77C1FCE79D300BB5F10 /* Assets.xcassets */; };
		DE60E7801FCE79D300BB5F10 /* LaunchScreen.storyboard in Resources */ = {isa = PBXBuildFile; fileRef = DE60E77E1FCE79D300BB5F10 /* LaunchScreen.storyboard */; };
		DE60E7831FCE79D300BB5F10 /* main.m in Sources */ = {isa = PBXBuildFile; fileRef = DE60E7821FCE79D300BB5F10 /* main.m */; };
		DE60E78D1FCE79D300BB5F10 /* ToolsTests.m in Sources */ = {isa = PBXBuildFile; fileRef = DE60E78C1FCE79D300BB5F10 /* ToolsTests.m */; };
		DE60E7981FCE79D300BB5F10 /* ToolsUITests.m in Sources */ = {isa = PBXBuildFile; fileRef = DE60E7971FCE79D300BB5F10 /* ToolsUITests.m */; };
		DE60E7A81FCE7E3F00BB5F10 /*   .m in Sources */ = {isa = PBXBuildFile; fileRef = DE60E7A61FCE7E3F00BB5F10 /*   .m */; };
		DE60E7A91FCE7E3F00BB5F10 /* ZTMainController.xib in Resources */ = {isa = PBXBuildFile; fileRef = DE60E7A71FCE7E3F00BB5F10 /* ZTMainController.xib */; };
		DE60E7AC1FCE7E5D00BB5F10 /* ZTNaviController.m in Sources */ = {isa = PBXBuildFile; fileRef = DE60E7AB1FCE7E5D00BB5F10 /* ZTNaviController.m */; };
		DE60E7B11FCE7FB800BB5F10 /* ZTMainCell.m in Sources */ = {isa = PBXBuildFile; fileRef = DE60E7AF1FCE7FB700BB5F10 /* ZTMainCell.m */; };
		DE60E7B21FCE7FB800BB5F10 /* ZTMainCell.xib in Resources */ = {isa = PBXBuildFile; fileRef = DE60E7B01FCE7FB700BB5F10 /* ZTMainCell.xib */; };
		DE60E7B61FCE8E4D00BB5F10 /* ZTSelectItemTableController.m in Sources */ = {isa = PBXBuildFile; fileRef = DE60E7B41FCE8E4D00BB5F10 /* ZTSelectItemTableController.m */; };
		DE60E7B71FCE8E4D00BB5F10 /* ZTSelectItemTableController.xib in Resources */ = {isa = PBXBuildFile; fileRef = DE60E7B51FCE8E4D00BB5F10 /* ZTSelectItemTableController.xib */; };
		DE60E7BB1FCE8E7800BB5F10 /* ZTSelectCell.m in Sources */ = {isa = PBXBuildFile; fileRef = DE60E7B91FCE8E7800BB5F10 /* ZTSelectCell.m */; };
		DE60E7BC1FCE8E7800BB5F10 /* ZTSelectCell.xib in Resources */ = {isa = PBXBuildFile; fileRef = DE60E7BA1FCE8E7800BB5F10 /* ZTSelectCell.xib */; };
		DE60E7BF1FCE90CB00BB5F10 /* ZTDataModel.m in Sources */ = {isa = PBXBuildFile; fileRef = DE60E7BE1FCE90CB00BB5F10 /* ZTDataModel.m */; };
		DE60E7C31FCEBB0600BB5F10 /* ZTCollectionViewTableCell.m in Sources */ = {isa = PBXBuildFile; fileRef = DE60E7C11FCEBB0600BB5F10 /* ZTCollectionViewTableCell.m */; };
		DE60E7C41FCEBB0600BB5F10 /* ZTCollectionViewTableCell.xib in Resources */ = {isa = PBXBuildFile; fileRef = DE60E7C21FCEBB0600BB5F10 /* ZTCollectionViewTableCell.xib */; };
		DE60E7C81FCEDA9D00BB5F10 /* ZTCCCell.m in Sources */ = {isa = PBXBuildFile; fileRef = DE60E7C61FCEDA9D00BB5F10 /* ZTCCCell.m */; };
		DE60E7C91FCEDA9D00BB5F10 /* ZTCCCell.xib in Resources */ = {isa = PBXBuildFile; fileRef = DE60E7C71FCEDA9D00BB5F10 /* ZTCCCell.xib */; };
		DE60E7D11FCF9A4100BB5F10 /* ZTCCLayout.m in Sources */ = {isa = PBXBuildFile; fileRef = DE60E7D01FCF9A4100BB5F10 /* ZTCCLayout.m */; };
		DE60E7D41FD0061900BB5F10 /* ZTMyCustomCollectionView.m in Sources */ = {isa = PBXBuildFile; fileRef = DE60E7D31FD0061900BB5F10 /* ZTMyCustomCollectionView.m */; };
		DE60E7D61FD05A0700BB5F10 /* btn_jieshou.png in Resources */ = {isa = PBXBuildFile; fileRef = DE60E7D51FD05A0700BB5F10 /* btn_jieshou.png */; };
/* End PBXBuildFile section */

/* Begin PBXContainerItemProxy section */
		DE60E7891FCE79D300BB5F10 /* PBXContainerItemProxy */ = {
			isa = PBXContainerItemProxy;
			containerPortal = DE60E7651FCE79D300BB5F10 /* Project object */;
			proxyType = 1;
			remoteGlobalIDString = DE60E76C1FCE79D300BB5F10;
			remoteInfo = Tools;
		};
		DE60E7941FCE79D300BB5F10 /* PBXContainerItemProxy */ = {
			isa = PBXContainerItemProxy;
			containerPortal = DE60E7651FCE79D300BB5F10 /* Project object */;
			proxyType = 1;
			remoteGlobalIDString = DE60E76C1FCE79D300BB5F10;
			remoteInfo = Tools;
		};
/* End PBXContainerItemProxy section */

/* Begin PBXFileReference section */
		DE60E76D1FCE79D300BB5F10 /* Tools.app */ = {isa = PBXFileReference; explicitFileType = wrapper.application; includeInIndex = 0; path = Tools.app; sourceTree = BUILT_PRODUCTS_DIR; };
		DE60E7701FCE79D300BB5F10 /* AppDelegate.h */ = {isa = PBXFileReference; lastKnownFileType = sourcecode.c.h; path = AppDelegate.h; sourceTree = "<group>"; };
		DE60E7711FCE79D300BB5F10 /* AppDelegate.m */ = {isa = PBXFileReference; lastKnownFileType = sourcecode.c.objc; path = AppDelegate.m; sourceTree = "<group>"; };
		DE60E77A1FCE79D300BB5F10 /* Tools.xcdatamodel */ = {isa = PBXFileReference; lastKnownFileType = wrapper.xcdatamodel; path = Tools.xcdatamodel; sourceTree = "<group>"; };
		DE60E77C1FCE79D300BB5F10 /* Assets.xcassets */ = {isa = PBXFileReference; lastKnownFileType = folder.assetcatalog; path = Assets.xcassets; sourceTree = "<group>"; };
		DE60E77F1FCE79D300BB5F10 /* Base */ = {isa = PBXFileReference; lastKnownFileType = file.storyboard; name = Base; path = Base.lproj/LaunchScreen.storyboard; sourceTree = "<group>"; };
		DE60E7811FCE79D300BB5F10 /* Info.plist */ = {isa = PBXFileReference; lastKnownFileType = text.plist.xml; path = Info.plist; sourceTree = "<group>"; };
		DE60E7821FCE79D300BB5F10 /* main.m */ = {isa = PBXFileReference; lastKnownFileType = sourcecode.c.objc; path = main.m; sourceTree = "<group>"; };
		DE60E7881FCE79D300BB5F10 /* ToolsTests.xctest */ = {isa = PBXFileReference; explicitFileType = wrapper.cfbundle; includeInIndex = 0; path = ToolsTests.xctest; sourceTree = BUILT_PRODUCTS_DIR; };
		DE60E78C1FCE79D300BB5F10 /* ToolsTests.m */ = {isa = PBXFileReference; lastKnownFileType = sourcecode.c.objc; path = ToolsTests.m; sourceTree = "<group>"; };
		DE60E78E1FCE79D300BB5F10 /* Info.plist */ = {isa = PBXFileReference; lastKnownFileType = text.plist.xml; path = Info.plist; sourceTree = "<group>"; };
		DE60E7931FCE79D300BB5F10 /* ToolsUITests.xctest */ = {isa = PBXFileReference; explicitFileType = wrapper.cfbundle; includeInIndex = 0; path = ToolsUITests.xctest; sourceTree = BUILT_PRODUCTS_DIR; };
		DE60E7971FCE79D300BB5F10 /* ToolsUITests.m */ = {isa = PBXFileReference; lastKnownFileType = sourcecode.c.objc; path = ToolsUITests.m; sourceTree = "<group>"; };
		DE60E7991FCE79D300BB5F10 /* Info.plist */ = {isa = PBXFileReference; lastKnownFileType = text.plist.xml; path = Info.plist; sourceTree = "<group>"; };
		DE60E7A51FCE7E3F00BB5F10 /* ZTMainController.h */ = {isa = PBXFileReference; lastKnownFileType = sourcecode.c.h; path = ZTMainController.h; sourceTree = "<group>"; };
		DE60E7A61FCE7E3F00BB5F10 /*   .m */ = {isa = PBXFileReference; lastKnownFileType = sourcecode.c.objc; path = "  .m"; sourceTree = "<group>"; };
		DE60E7A71FCE7E3F00BB5F10 /* ZTMainController.xib */ = {isa = PBXFileReference; lastKnownFileType = file.xib; path = ZTMainController.xib; sourceTree = "<group>"; };
		DE60E7AA1FCE7E5D00BB5F10 /* ZTNaviController.h */ = {isa = PBXFileReference; lastKnownFileType = sourcecode.c.h; path = ZTNaviController.h; sourceTree = "<group>"; };
		DE60E7AB1FCE7E5D00BB5F10 /* ZTNaviController.m */ = {isa = PBXFileReference; lastKnownFileType = sourcecode.c.objc; path = ZTNaviController.m; sourceTree = "<group>"; };
		DE60E7AE1FCE7FB700BB5F10 /* ZTMainCell.h */ = {isa = PBXFileReference; lastKnownFileType = sourcecode.c.h; path = ZTMainCell.h; sourceTree = "<group>"; };
		DE60E7AF1FCE7FB700BB5F10 /* ZTMainCell.m */ = {isa = PBXFileReference; lastKnownFileType = sourcecode.c.objc; path = ZTMainCell.m; sourceTree = "<group>"; };
		DE60E7B01FCE7FB700BB5F10 /* ZTMainCell.xib */ = {isa = PBXFileReference; lastKnownFileType = file.xib; path = ZTMainCell.xib; sourceTree = "<group>"; };
		DE60E7B31FCE8E4D00BB5F10 /* ZTSelectItemTableController.h */ = {isa = PBXFileReference; lastKnownFileType = sourcecode.c.h; path = ZTSelectItemTableController.h; sourceTree = "<group>"; };
		DE60E7B41FCE8E4D00BB5F10 /* ZTSelectItemTableController.m */ = {isa = PBXFileReference; lastKnownFileType = sourcecode.c.objc; path = ZTSelectItemTableController.m; sourceTree = "<group>"; };
		DE60E7B51FCE8E4D00BB5F10 /* ZTSelectItemTableController.xib */ = {isa = PBXFileReference; lastKnownFileType = file.xib; path = ZTSelectItemTableController.xib; sourceTree = "<group>"; };
		DE60E7B81FCE8E7800BB5F10 /* ZTSelectCell.h */ = {isa = PBXFileReference; lastKnownFileType = sourcecode.c.h; path = ZTSelectCell.h; sourceTree = "<group>"; };
		DE60E7B91FCE8E7800BB5F10 /* ZTSelectCell.m */ = {isa = PBXFileReference; lastKnownFileType = sourcecode.c.objc; path = ZTSelectCell.m; sourceTree = "<group>"; };
		DE60E7BA1FCE8E7800BB5F10 /* ZTSelectCell.xib */ = {isa = PBXFileReference; lastKnownFileType = file.xib; path = ZTSelectCell.xib; sourceTree = "<group>"; };
		DE60E7BD1FCE90CB00BB5F10 /* ZTDataModel.h */ = {isa = PBXFileReference; lastKnownFileType = sourcecode.c.h; path = ZTDataModel.h; sourceTree = "<group>"; };
		DE60E7BE1FCE90CB00BB5F10 /* ZTDataModel.m */ = {isa = PBXFileReference; lastKnownFileType = sourcecode.c.objc; path = ZTDataModel.m; sourceTree = "<group>"; };
		DE60E7C01FCEBB0600BB5F10 /* ZTCollectionViewTableCell.h */ = {isa = PBXFileReference; lastKnownFileType = sourcecode.c.h; path = ZTCollectionViewTableCell.h; sourceTree = "<group>"; };
		DE60E7C11FCEBB0600BB5F10 /* ZTCollectionViewTableCell.m */ = {isa = PBXFileReference; lastKnownFileType = sourcecode.c.objc; path = ZTCollectionViewTableCell.m; sourceTree = "<group>"; };
		DE60E7C21FCEBB0600BB5F10 /* ZTCollectionViewTableCell.xib */ = {isa = PBXFileReference; lastKnownFileType = file.xib; path = ZTCollectionViewTableCell.xib; sourceTree = "<group>"; };
		DE60E7C51FCEDA9D00BB5F10 /* ZTCCCell.h */ = {isa = PBXFileReference; lastKnownFileType = sourcecode.c.h; path = ZTCCCell.h; sourceTree = "<group>"; };
		DE60E7C61FCEDA9D00BB5F10 /* ZTCCCell.m */ = {isa = PBXFileReference; lastKnownFileType = sourcecode.c.objc; path = ZTCCCell.m; sourceTree = "<group>"; };
		DE60E7C71FCEDA9D00BB5F10 /* ZTCCCell.xib */ = {isa = PBXFileReference; lastKnownFileType = file.xib; path = ZTCCCell.xib; sourceTree = "<group>"; };
		DE60E7CF1FCF9A4100BB5F10 /* ZTCCLayout.h */ = {isa = PBXFileReference; lastKnownFileType = sourcecode.c.h; path = ZTCCLayout.h; sourceTree = "<group>"; };
		DE60E7D01FCF9A4100BB5F10 /* ZTCCLayout.m */ = {isa = PBXFileReference; lastKnownFileType = sourcecode.c.objc; path = ZTCCLayout.m; sourceTree = "<group>"; };
		DE60E7D21FD0061900BB5F10 /* ZTMyCustomCollectionView.h */ = {isa = PBXFileReference; lastKnownFileType = sourcecode.c.h; path = ZTMyCustomCollectionView.h; sourceTree = "<group>"; };
		DE60E7D31FD0061900BB5F10 /* ZTMyCustomCollectionView.m */ = {isa = PBXFileReference; lastKnownFileType = sourcecode.c.objc; path = ZTMyCustomCollectionView.m; sourceTree = "<group>"; };
		DE60E7D51FD05A0700BB5F10 /* btn_jieshou.png */ = {isa = PBXFileReference; lastKnownFileType = image.png; path = btn_jieshou.png; sourceTree = "<group>"; };
/* End PBXFileReference section */

/* Begin PBXFrameworksBuildPhase section */
		DE60E76A1FCE79D300BB5F10 /* Frameworks */ = {
			isa = PBXFrameworksBuildPhase;
			buildActionMask = 2147483647;
			files = (
			);
			runOnlyForDeploymentPostprocessing = 0;
		};
		DE60E7851FCE79D300BB5F10 /* Frameworks */ = {
			isa = PBXFrameworksBuildPhase;
			buildActionMask = 2147483647;
			files = (
			);
			runOnlyForDeploymentPostprocessing = 0;
		};
		DE60E7901FCE79D300BB5F10 /* Frameworks */ = {
			isa = PBXFrameworksBuildPhase;
			buildActionMask = 2147483647;
			files = (
			);
			runOnlyForDeploymentPostprocessing = 0;
		};
/* End PBXFrameworksBuildPhase section */

/* Begin PBXGroup section */
		DE60E7641FCE79D300BB5F10 = {
			isa = PBXGroup;
			children = (
				DE60E76F1FCE79D300BB5F10 /* Tools */,
				DE60E78B1FCE79D300BB5F10 /* ToolsTests */,
				DE60E7961FCE79D300BB5F10 /* ToolsUITests */,
				DE60E76E1FCE79D300BB5F10 /* Products */,
			);
			sourceTree = "<group>";
		};
		DE60E76E1FCE79D300BB5F10 /* Products */ = {
			isa = PBXGroup;
			children = (
				DE60E76D1FCE79D300BB5F10 /* Tools.app */,
				DE60E7881FCE79D300BB5F10 /* ToolsTests.xctest */,
				DE60E7931FCE79D300BB5F10 /* ToolsUITests.xctest */,
			);
			name = Products;
			sourceTree = "<group>";
		};
		DE60E76F1FCE79D300BB5F10 /* Tools */ = {
			isa = PBXGroup;
			children = (
				DE60E7AD1FCE7F9F00BB5F10 /* cell */,
				DE60E7701FCE79D300BB5F10 /* AppDelegate.h */,
				DE60E7711FCE79D300BB5F10 /* AppDelegate.m */,
				DE60E7BD1FCE90CB00BB5F10 /* ZTDataModel.h */,
				DE60E7BE1FCE90CB00BB5F10 /* ZTDataModel.m */,
				DE60E7A51FCE7E3F00BB5F10 /* ZTMainController.h */,
				DE60E7A61FCE7E3F00BB5F10 /*   .m */,
				DE60E7A71FCE7E3F00BB5F10 /* ZTMainController.xib */,
				DE60E7AA1FCE7E5D00BB5F10 /* ZTNaviController.h */,
				DE60E7AB1FCE7E5D00BB5F10 /* ZTNaviController.m */,
				DE60E7D51FD05A0700BB5F10 /* btn_jieshou.png */,
				DE60E77C1FCE79D300BB5F10 /* Assets.xcassets */,
				DE60E77E1FCE79D300BB5F10 /* LaunchScreen.storyboard */,
				DE60E7811FCE79D300BB5F10 /* Info.plist */,
				DE60E7821FCE79D300BB5F10 /* main.m */,
				DE60E7791FCE79D300BB5F10 /* Tools.xcdatamodeld */,
			);
			path = Tools;
			sourceTree = "<group>";
		};
		DE60E78B1FCE79D300BB5F10 /* ToolsTests */ = {
			isa = PBXGroup;
			children = (
				DE60E78C1FCE79D300BB5F10 /* ToolsTests.m */,
				DE60E78E1FCE79D300BB5F10 /* Info.plist */,
			);
			path = ToolsTests;
			sourceTree = "<group>";
		};
		DE60E7961FCE79D300BB5F10 /* ToolsUITests */ = {
			isa = PBXGroup;
			children = (
				DE60E7971FCE79D300BB5F10 /* ToolsUITests.m */,
				DE60E7991FCE79D300BB5F10 /* Info.plist */,
			);
			path = ToolsUITests;
			sourceTree = "<group>";
		};
		DE60E7AD1FCE7F9F00BB5F10 /* cell */ = {
			isa = PBXGroup;
			children = (
				DE60E7AE1FCE7FB700BB5F10 /* ZTMainCell.h */,
				DE60E7AF1FCE7FB700BB5F10 /* ZTMainCell.m */,
				DE60E7B01FCE7FB700BB5F10 /* ZTMainCell.xib */,
				DE60E7C51FCEDA9D00BB5F10 /* ZTCCCell.h */,
				DE60E7C61FCEDA9D00BB5F10 /* ZTCCCell.m */,
				DE60E7C71FCEDA9D00BB5F10 /* ZTCCCell.xib */,
				DE60E7B81FCE8E7800BB5F10 /* ZTSelectCell.h */,
				DE60E7B91FCE8E7800BB5F10 /* ZTSelectCell.m */,
				DE60E7BA1FCE8E7800BB5F10 /* ZTSelectCell.xib */,
				DE60E7C01FCEBB0600BB5F10 /* ZTCollectionViewTableCell.h */,
				DE60E7C11FCEBB0600BB5F10 /* ZTCollectionViewTableCell.m */,
				DE60E7C21FCEBB0600BB5F10 /* ZTCollectionViewTableCell.xib */,
				DE60E7B31FCE8E4D00BB5F10 /* ZTSelectItemTableController.h */,
				DE60E7B41FCE8E4D00BB5F10 /* ZTSelectItemTableController.m */,
				DE60E7B51FCE8E4D00BB5F10 /* ZTSelectItemTableController.xib */,
				DE60E7CF1FCF9A4100BB5F10 /* ZTCCLayout.h */,
				DE60E7D01FCF9A4100BB5F10 /* ZTCCLayout.m */,
				DE60E7D21FD0061900BB5F10 /* ZTMyCustomCollectionView.h */,
				DE60E7D31FD0061900BB5F10 /* ZTMyCustomCollectionView.m */,
			);
			path = cell;
			sourceTree = "<group>";
		};
/* End PBXGroup section */

/* Begin PBXNativeTarget section */
		DE60E76C1FCE79D300BB5F10 /* Tools */ = {
			isa = PBXNativeTarget;
			buildConfigurationList = DE60E79C1FCE79D300BB5F10 /* Build configuration list for PBXNativeTarget "Tools" */;
			buildPhases = (
				DE60E7691FCE79D300BB5F10 /* Sources */,
				DE60E76A1FCE79D300BB5F10 /* Frameworks */,
				DE60E76B1FCE79D300BB5F10 /* Resources */,
			);
			buildRules = (
			);
			dependencies = (
			);
			name = Tools;
			productName = Tools;
			productReference = DE60E76D1FCE79D300BB5F10 /* Tools.app */;
			productType = "com.apple.product-type.application";
		};
		DE60E7871FCE79D300BB5F10 /* ToolsTests */ = {
			isa = PBXNativeTarget;
			buildConfigurationList = DE60E79F1FCE79D300BB5F10 /* Build configuration list for PBXNativeTarget "ToolsTests" */;
			buildPhases = (
				DE60E7841FCE79D300BB5F10 /* Sources */,
				DE60E7851FCE79D300BB5F10 /* Frameworks */,
				DE60E7861FCE79D300BB5F10 /* Resources */,
			);
			buildRules = (
			);
			dependencies = (
				DE60E78A1FCE79D300BB5F10 /* PBXTargetDependency */,
			);
			name = ToolsTests;
			productName = ToolsTests;
			productReference = DE60E7881FCE79D300BB5F10 /* ToolsTests.xctest */;
			productType = "com.apple.product-type.bundle.unit-test";
		};
		DE60E7921FCE79D300BB5F10 /* ToolsUITests */ = {
			isa = PBXNativeTarget;
			buildConfigurationList = DE60E7A21FCE79D300BB5F10 /* Build configuration list for PBXNativeTarget "ToolsUITests" */;
			buildPhases = (
				DE60E78F1FCE79D300BB5F10 /* Sources */,
				DE60E7901FCE79D300BB5F10 /* Frameworks */,
				DE60E7911FCE79D300BB5F10 /* Resources */,
			);
			buildRules = (
			);
			dependencies = (
				DE60E7951FCE79D300BB5F10 /* PBXTargetDependency */,
			);
			name = ToolsUITests;
			productName = ToolsUITests;
			productReference = DE60E7931FCE79D300BB5F10 /* ToolsUITests.xctest */;
			productType = "com.apple.product-type.bundle.ui-testing";
		};
/* End PBXNativeTarget section */

/* Begin PBXProject section */
		DE60E7651FCE79D300BB5F10 /* Project object */ = {
			isa = PBXProject;
			attributes = {
				LastUpgradeCheck = 0910;
				ORGANIZATIONNAME = "孙东日";
				TargetAttributes = {
					DE60E76C1FCE79D300BB5F10 = {
						CreatedOnToolsVersion = 9.1;
						ProvisioningStyle = Automatic;
					};
					DE60E7871FCE79D300BB5F10 = {
						CreatedOnToolsVersion = 9.1;
						ProvisioningStyle = Automatic;
						TestTargetID = DE60E76C1FCE79D300BB5F10;
					};
					DE60E7921FCE79D300BB5F10 = {
						CreatedOnToolsVersion = 9.1;
						ProvisioningStyle = Automatic;
						TestTargetID = DE60E76C1FCE79D300BB5F10;
					};
				};
			};
			buildConfigurationList = DE60E7681FCE79D300BB5F10 /* Build configuration list for PBXProject "Tools" */;
			compatibilityVersion = "Xcode 8.0";
			developmentRegion = en;
			hasScannedForEncodings = 0;
			knownRegions = (
				en,
				Base,
			);
			mainGroup = DE60E7641FCE79D300BB5F10;
			productRefGroup = DE60E76E1FCE79D300BB5F10 /* Products */;
			projectDirPath = "";
			projectRoot = "";
			targets = (
				DE60E76C1FCE79D300BB5F10 /* Tools */,
				DE60E7871FCE79D300BB5F10 /* ToolsTests */,
				DE60E7921FCE79D300BB5F10 /* ToolsUITests */,
			);
		};
/* End PBXProject section */

/* Begin PBXResourcesBuildPhase section */
		DE60E76B1FCE79D300BB5F10 /* Resources */ = {
			isa = PBXResourcesBuildPhase;
			buildActionMask = 2147483647;
			files = (
				DE60E7D61FD05A0700BB5F10 /* btn_jieshou.png in Resources */,
				DE60E7A91FCE7E3F00BB5F10 /* ZTMainController.xib in Resources */,
				DE60E7C91FCEDA9D00BB5F10 /* ZTCCCell.xib in Resources */,
				DE60E7801FCE79D300BB5F10 /* LaunchScreen.storyboard in Resources */,
				DE60E7B21FCE7FB800BB5F10 /* ZTMainCell.xib in Resources */,
				DE60E7B71FCE8E4D00BB5F10 /* ZTSelectItemTableController.xib in Resources */,
				DE60E77D1FCE79D300BB5F10 /* Assets.xcassets in Resources */,
				DE60E7BC1FCE8E7800BB5F10 /* ZTSelectCell.xib in Resources */,
				DE60E7C41FCEBB0600BB5F10 /* ZTCollectionViewTableCell.xib in Resources */,
			);
			runOnlyForDeploymentPostprocessing = 0;
		};
		DE60E7861FCE79D300BB5F10 /* Resources */ = {
			isa = PBXResourcesBuildPhase;
			buildActionMask = 2147483647;
			files = (
			);
			runOnlyForDeploymentPostprocessing = 0;
		};
		DE60E7911FCE79D300BB5F10 /* Resources */ = {
			isa = PBXResourcesBuildPhase;
			buildActionMask = 2147483647;
			files = (
			);
			runOnlyForDeploymentPostprocessing = 0;
		};
/* End PBXResourcesBuildPhase section */

/* Begin PBXSourcesBuildPhase section */
		DE60E7691FCE79D300BB5F10 /* Sources */ = {
			isa = PBXSourcesBuildPhase;
			buildActionMask = 2147483647;
			files = (
				DE60E7A81FCE7E3F00BB5F10 /*   .m in Sources */,
				DE60E77B1FCE79D300BB5F10 /* Tools.xcdatamodeld in Sources */,
				DE60E7831FCE79D300BB5F10 /* main.m in Sources */,
				DE60E7C81FCEDA9D00BB5F10 /* ZTCCCell.m in Sources */,
				DE60E7C31FCEBB0600BB5F10 /* ZTCollectionViewTableCell.m in Sources */,
				DE60E7D41FD0061900BB5F10 /* ZTMyCustomCollectionView.m in Sources */,
				DE60E7AC1FCE7E5D00BB5F10 /* ZTNaviController.m in Sources */,
				DE60E7B61FCE8E4D00BB5F10 /* ZTSelectItemTableController.m in Sources */,
				DE60E7B11FCE7FB800BB5F10 /* ZTMainCell.m in Sources */,
				DE60E7D11FCF9A4100BB5F10 /* ZTCCLayout.m in Sources */,
				DE60E7BF1FCE90CB00BB5F10 /* ZTDataModel.m in Sources */,
				DE60E7721FCE79D300BB5F10 /* AppDelegate.m in Sources */,
				DE60E7BB1FCE8E7800BB5F10 /* ZTSelectCell.m in Sources */,
			);
			runOnlyForDeploymentPostprocessing = 0;
		};
		DE60E7841FCE79D300BB5F10 /* Sources */ = {
			isa = PBXSourcesBuildPhase;
			buildActionMask = 2147483647;
			files = (
				DE60E78D1FCE79D300BB5F10 /* ToolsTests.m in Sources */,
			);
			runOnlyForDeploymentPostprocessing = 0;
		};
		DE60E78F1FCE79D300BB5F10 /* Sources */ = {
			isa = PBXSourcesBuildPhase;
			buildActionMask = 2147483647;
			files = (
				DE60E7981FCE79D300BB5F10 /* ToolsUITests.m in Sources */,
			);
			runOnlyForDeploymentPostprocessing = 0;
		};
/* End PBXSourcesBuildPhase section */

/* Begin PBXTargetDependency section */
		DE60E78A1FCE79D300BB5F10 /* PBXTargetDependency */ = {
			isa = PBXTargetDependency;
			target = DE60E76C1FCE79D300BB5F10 /* Tools */;
			targetProxy = DE60E7891FCE79D300BB5F10 /* PBXContainerItemProxy */;
		};
		DE60E7951FCE79D300BB5F10 /* PBXTargetDependency */ = {
			isa = PBXTargetDependency;
			target = DE60E76C1FCE79D300BB5F10 /* Tools */;
			targetProxy = DE60E7941FCE79D300BB5F10 /* PBXContainerItemProxy */;
		};
/* End PBXTargetDependency section */

/* Begin PBXVariantGroup section */
		DE60E77E1FCE79D300BB5F10 /* LaunchScreen.storyboard */ = {
			isa = PBXVariantGroup;
			children = (
				DE60E77F1FCE79D300BB5F10 /* Base */,
			);
			name = LaunchScreen.storyboard;
			sourceTree = "<group>";
		};
/* End PBXVariantGroup section */

/* Begin XCBuildConfiguration section */
		DE60E79A1FCE79D300BB5F10 /* Debug */ = {
			isa = XCBuildConfiguration;
			buildSettings = {
				ALWAYS_SEARCH_USER_PATHS = NO;
				CLANG_ANALYZER_NONNULL = YES;
				CLANG_ANALYZER_NUMBER_OBJECT_CONVERSION = YES_AGGRESSIVE;
				CLANG_CXX_LANGUAGE_STANDARD = "gnu++14";
				CLANG_CXX_LIBRARY = "libc++";
				CLANG_ENABLE_MODULES = YES;
				CLANG_ENABLE_OBJC_ARC = YES;
				CLANG_WARN_BLOCK_CAPTURE_AUTORELEASING = YES;
				CLANG_WARN_BOOL_CONVERSION = YES;
				CLANG_WARN_COMMA = YES;
				CLANG_WARN_CONSTANT_CONVERSION = YES;
				CLANG_WARN_DIRECT_OBJC_ISA_USAGE = YES_ERROR;
				CLANG_WARN_DOCUMENTATION_COMMENTS = YES;
				CLANG_WARN_EMPTY_BODY = YES;
				CLANG_WARN_ENUM_CONVERSION = YES;
				CLANG_WARN_INFINITE_RECURSION = YES;
				CLANG_WARN_INT_CONVERSION = YES;
				CLANG_WARN_NON_LITERAL_NULL_CONVERSION = YES;
				CLANG_WARN_OBJC_LITERAL_CONVERSION = YES;
				CLANG_WARN_OBJC_ROOT_CLASS = YES_ERROR;
				CLANG_WARN_RANGE_LOOP_ANALYSIS = YES;
				CLANG_WARN_STRICT_PROTOTYPES = YES;
				CLANG_WARN_SUSPICIOUS_MOVE = YES;
				CLANG_WARN_UNGUARDED_AVAILABILITY = YES_AGGRESSIVE;
				CLANG_WARN_UNREACHABLE_CODE = YES;
				CLANG_WARN__DUPLICATE_METHOD_MATCH = YES;
				CODE_SIGN_IDENTITY = "iPhone Developer";
				COPY_PHASE_STRIP = NO;
				DEBUG_INFORMATION_FORMAT = dwarf;
				ENABLE_STRICT_OBJC_MSGSEND = YES;
				ENABLE_TESTABILITY = YES;
				GCC_C_LANGUAGE_STANDARD = gnu11;
				GCC_DYNAMIC_NO_PIC = NO;
				GCC_NO_COMMON_BLOCKS = YES;
				GCC_OPTIMIZATION_LEVEL = 0;
				GCC_PREPROCESSOR_DEFINITIONS = (
					"DEBUG=1",
					"$(inherited)",
				);
				GCC_WARN_64_TO_32_BIT_CONVERSION = YES;
				GCC_WARN_ABOUT_RETURN_TYPE = YES_ERROR;
				GCC_WARN_UNDECLARED_SELECTOR = YES;
				GCC_WARN_UNINITIALIZED_AUTOS = YES_AGGRESSIVE;
				GCC_WARN_UNUSED_FUNCTION = YES;
				GCC_WARN_UNUSED_VARIABLE = YES;
				IPHONEOS_DEPLOYMENT_TARGET = 11.1;
				MTL_ENABLE_DEBUG_INFO = YES;
				ONLY_ACTIVE_ARCH = YES;
				SDKROOT = iphoneos;
			};
			name = Debug;
		};
		DE60E79B1FCE79D300BB5F10 /* Release */ = {
			isa = XCBuildConfiguration;
			buildSettings = {
				ALWAYS_SEARCH_USER_PATHS = NO;
				CLANG_ANALYZER_NONNULL = YES;
				CLANG_ANALYZER_NUMBER_OBJECT_CONVERSION = YES_AGGRESSIVE;
				CLANG_CXX_LANGUAGE_STANDARD = "gnu++14";
				CLANG_CXX_LIBRARY = "libc++";
				CLANG_ENABLE_MODULES = YES;
				CLANG_ENABLE_OBJC_ARC = YES;
				CLANG_WARN_BLOCK_CAPTURE_AUTORELEASING = YES;
				CLANG_WARN_BOOL_CONVERSION = YES;
				CLANG_WARN_COMMA = YES;
				CLANG_WARN_CONSTANT_CONVERSION = YES;
				CLANG_WARN_DIRECT_OBJC_ISA_USAGE = YES_ERROR;
				CLANG_WARN_DOCUMENTATION_COMMENTS = YES;
				CLANG_WARN_EMPTY_BODY = YES;
				CLANG_WARN_ENUM_CONVERSION = YES;
				CLANG_WARN_INFINITE_RECURSION = YES;
				CLANG_WARN_INT_CONVERSION = YES;
				CLANG_WARN_NON_LITERAL_NULL_CONVERSION = YES;
				CLANG_WARN_OBJC_LITERAL_CONVERSION = YES;
				CLANG_WARN_OBJC_ROOT_CLASS = YES_ERROR;
				CLANG_WARN_RANGE_LOOP_ANALYSIS = YES;
				CLANG_WARN_STRICT_PROTOTYPES = YES;
				CLANG_WARN_SUSPICIOUS_MOVE = YES;
				CLANG_WARN_UNGUARDED_AVAILABILITY = YES_AGGRESSIVE;
				CLANG_WARN_UNREACHABLE_CODE = YES;
				CLANG_WARN__DUPLICATE_METHOD_MATCH = YES;
				CODE_SIGN_IDENTITY = "iPhone Developer";
				COPY_PHASE_STRIP = NO;
				DEBUG_INFORMATION_FORMAT = "dwarf-with-dsym";
				ENABLE_NS_ASSERTIONS = NO;
				ENABLE_STRICT_OBJC_MSGSEND = YES;
				GCC_C_LANGUAGE_STANDARD = gnu11;
				GCC_NO_COMMON_BLOCKS = YES;
				GCC_WARN_64_TO_32_BIT_CONVERSION = YES;
				GCC_WARN_ABOUT_RETURN_TYPE = YES_ERROR;
				GCC_WARN_UNDECLARED_SELECTOR = YES;
				GCC_WARN_UNINITIALIZED_AUTOS = YES_AGGRESSIVE;
				GCC_WARN_UNUSED_FUNCTION = YES;
				GCC_WARN_UNUSED_VARIABLE = YES;
				IPHONEOS_DEPLOYMENT_TARGET = 11.1;
				MTL_ENABLE_DEBUG_INFO = NO;
				SDKROOT = iphoneos;
				VALIDATE_PRODUCT = YES;
			};
			name = Release;
		};
		DE60E79D1FCE79D300BB5F10 /* Debug */ = {
			isa = XCBuildConfiguration;
			buildSettings = {
				ASSETCATALOG_COMPILER_APPICON_NAME = AppIcon;
				CODE_SIGN_STYLE = Automatic;
				DEVELOPMENT_TEAM = 64MZ8X8L3H;
				INFOPLIST_FILE = Tools/Info.plist;
				IPHONEOS_DEPLOYMENT_TARGET = 10.3;
				LD_RUNPATH_SEARCH_PATHS = "$(inherited) @executable_path/Frameworks";
				PRODUCT_BUNDLE_IDENTIFIER = com.YT.Tools;
				PRODUCT_NAME = "$(TARGET_NAME)";
				TARGETED_DEVICE_FAMILY = "1,2";
			};
			name = Debug;
		};
		DE60E79E1FCE79D300BB5F10 /* Release */ = {
			isa = XCBuildConfiguration;
			buildSettings = {
				ASSETCATALOG_COMPILER_APPICON_NAME = AppIcon;
				CODE_SIGN_STYLE = Automatic;
				DEVELOPMENT_TEAM = 64MZ8X8L3H;
				INFOPLIST_FILE = Tools/Info.plist;
				IPHONEOS_DEPLOYMENT_TARGET = 10.3;
				LD_RUNPATH_SEARCH_PATHS = "$(inherited) @executable_path/Frameworks";
				PRODUCT_BUNDLE_IDENTIFIER = com.YT.Tools;
				PRODUCT_NAME = "$(TARGET_NAME)";
				TARGETED_DEVICE_FAMILY = "1,2";
			};
			name = Release;
		};
		DE60E7A01FCE79D300BB5F10 /* Debug */ = {
			isa = XCBuildConfiguration;
			buildSettings = {
				BUNDLE_LOADER = "$(TEST_HOST)";
				CODE_SIGN_STYLE = Automatic;
				DEVELOPMENT_TEAM = 5ZJX6YKPX4;
				INFOPLIST_FILE = ToolsTests/Info.plist;
				LD_RUNPATH_SEARCH_PATHS = "$(inherited) @executable_path/Frameworks @loader_path/Frameworks";
				PRODUCT_BUNDLE_IDENTIFIER = com.YT.ToolsTests;
				PRODUCT_NAME = "$(TARGET_NAME)";
				TARGETED_DEVICE_FAMILY = "1,2";
				TEST_HOST = "$(BUILT_PRODUCTS_DIR)/Tools.app/Tools";
			};
			name = Debug;
		};
		DE60E7A11FCE79D300BB5F10 /* Release */ = {
			isa = XCBuildConfiguration;
			buildSettings = {
				BUNDLE_LOADER = "$(TEST_HOST)";
				CODE_SIGN_STYLE = Automatic;
				DEVELOPMENT_TEAM = 5ZJX6YKPX4;
				INFOPLIST_FILE = ToolsTests/Info.plist;
				LD_RUNPATH_SEARCH_PATHS = "$(inherited) @executable_path/Frameworks @loader_path/Frameworks";
				PRODUCT_BUNDLE_IDENTIFIER = com.YT.ToolsTests;
				PRODUCT_NAME = "$(TARGET_NAME)";
				TARGETED_DEVICE_FAMILY = "1,2";
				TEST_HOST = "$(BUILT_PRODUCTS_DIR)/Tools.app/Tools";
			};
			name = Release;
		};
		DE60E7A31FCE79D300BB5F10 /* Debug */ = {
			isa = XCBuildConfiguration;
			buildSettings = {
				CODE_SIGN_STYLE = Automatic;
				DEVELOPMENT_TEAM = 5ZJX6YKPX4;
				INFOPLIST_FILE = ToolsUITests/Info.plist;
				LD_RUNPATH_SEARCH_PATHS = "$(inherited) @executable_path/Frameworks @loader_path/Frameworks";
				PRODUCT_BUNDLE_IDENTIFIER = com.YT.ToolsUITests;
				PRODUCT_NAME = "$(TARGET_NAME)";
				TARGETED_DEVICE_FAMILY = "1,2";
				TEST_TARGET_NAME = Tools;
			};
			name = Debug;
		};
		DE60E7A41FCE79D300BB5F10 /* Release */ = {
			isa = XCBuildConfiguration;
			buildSettings = {
				CODE_SIGN_STYLE = Automatic;
				DEVELOPMENT_TEAM = 5ZJX6YKPX4;
				INFOPLIST_FILE = ToolsUITests/Info.plist;
				LD_RUNPATH_SEARCH_PATHS = "$(inherited) @executable_path/Frameworks @loader_path/Frameworks";
				PRODUCT_BUNDLE_IDENTIFIER = com.YT.ToolsUITests;
				PRODUCT_NAME = "$(TARGET_NAME)";
				TARGETED_DEVICE_FAMILY = "1,2";
				TEST_TARGET_NAME = Tools;
			};
			name = Release;
		};
/* End XCBuildConfiguration section */

/* Begin XCConfigurationList section */
		DE60E7681FCE79D300BB5F10 /* Build configuration list for PBXProject "Tools" */ = {
			isa = XCConfigurationList;
			buildConfigurations = (
				DE60E79A1FCE79D300BB5F10 /* Debug */,
				DE60E79B1FCE79D300BB5F10 /* Release */,
			);
			defaultConfigurationIsVisible = 0;
			defaultConfigurationName = Release;
		};
		DE60E79C1FCE79D300BB5F10 /* Build configuration list for PBXNativeTarget "Tools" */ = {
			isa = XCConfigurationList;
			buildConfigurations = (
				DE60E79D1FCE79D300BB5F10 /* Debug */,
				DE60E79E1FCE79D300BB5F10 /* Release */,
			);
			defaultConfigurationIsVisible = 0;
			defaultConfigurationName = Release;
		};
		DE60E79F1FCE79D300BB5F10 /* Build configuration list for PBXNativeTarget "ToolsTests" */ = {
			isa = XCConfigurationList;
			buildConfigurations = (
				DE60E7A01FCE79D300BB5F10 /* Debug */,
				DE60E7A11FCE79D300BB5F10 /* Release */,
			);
			defaultConfigurationIsVisible = 0;
			defaultConfigurationName = Release;
		};
		DE60E7A21FCE79D300BB5F10 /* Build configuration list for PBXNativeTarget "ToolsUITests" */ = {
			isa = XCConfigurationList;
			buildConfigurations = (
				DE60E7A31FCE79D300BB5F10 /* Debug */,
				DE60E7A41FCE79D300BB5F10 /* Release */,
			);
			defaultConfigurationIsVisible = 0;
			defaultConfigurationName = Release;
		};
/* End XCConfigurationList section */

/* Begin XCVersionGroup section */
		DE60E7791FCE79D300BB5F10 /* Tools.xcdatamodeld */ = {
			isa = XCVersionGroup;
			children = (
				DE60E77A1FCE79D300BB5F10 /* Tools.xcdatamodel */,
			);
			currentVersion = DE60E77A1FCE79D300BB5F10 /* Tools.xcdatamodel */;
			path = Tools.xcdatamodeld;
			sourceTree = "<group>";
			versionGroupType = wrapper.xcdatamodel;
		};
/* End XCVersionGroup section */
	};
	rootObject = DE60E7651FCE79D300BB5F10 /* Project object */;
}
